
Microsoft Visual Studio Solution File, Format Version 12.00
# Visual Studio Version 17
VisualStudioVersion = 17.0.32014.148
MinimumVisualStudioVersion = 10.0.40219.1
Project("{9A19103F-16F7-4668-BE54-9A1E7A4F7556}") = "WOSRS.Server", "WOSRS\Server\WOSRS.Server.csproj", "{91295004-F0B4-45E8-AFD1-A331A199E8FE}"
EndProject
Project("{9A19103F-16F7-4668-BE54-9A1E7A4F7556}") = "WOSRS.Client", "WOSRS\Client\WOSRS.Client.csproj", "{21EA2981-5AEA-4607-9FBC-0935691904BB}"
EndProject
Project("{9A19103F-16F7-4668-BE54-9A1E7A4F7556}") = "WOSRS.Shared", "WOSRS\Shared\WOSRS.Shared.csproj", "{71248EF9-43C4-49A9-8B7E-E0DAE276857C}"
EndProject
Global
	GlobalSection(SolutionConfigurationPlatforms) = preSolution
		Debug|Any CPU = Debug|Any CPU
		Release|Any CPU = Release|Any CPU
	EndGlobalSection
	GlobalSection(ProjectConfigurationPlatforms) = postSolution
		{91295004-F0B4-45E8-AFD1-A331A199E8FE}.Debug|Any CPU.ActiveCfg = Debug|Any CPU
		{91295004-F0B4-45E8-AFD1-A331A199E8FE}.Debug|Any CPU.Build.0 = Debug|Any CPU
		{91295004-F0B4-45E8-AFD1-A331A199E8FE}.Release|Any CPU.ActiveCfg = Release|Any CPU
		{91295004-F0B4-45E8-AFD1-A331A199E8FE}.Release|Any CPU.Build.0 = Release|Any CPU
		{21EA2981-5AEA-4607-9FBC-0935691904BB}.Debug|Any CPU.ActiveCfg = Debug|Any CPU
		{21EA2981-5AEA-4607-9FBC-0935691904BB}.Debug|Any CPU.Build.0 = Debug|Any CPU
		{21EA2981-5AEA-4607-9FBC-0935691904BB}.Release|Any CPU.ActiveCfg = Release|Any CPU
		{21EA2981-5AEA-4607-9FBC-0935691904BB}.Release|Any CPU.Build.0 = Release|Any CPU
		{71248EF9-43C4-49A9-8B7E-E0DAE276857C}.Debug|Any CPU.ActiveCfg = Debug|Any CPU
		{71248EF9-43C4-49A9-8B7E-E0DAE276857C}.Debug|Any CPU.Build.0 = Debug|Any CPU
		{71248EF9-43C4-49A9-8B7E-E0DAE276857C}.Release|Any CPU.ActiveCfg = Release|Any CPU
		{71248EF9-43C4-49A9-8B7E-E0DAE276857C}.Release|Any CPU.Build.0 = Release|Any CPU
	EndGlobalSection
	GlobalSection(SolutionProperties) = preSolution
		HideSolutionNode = FALSE
	EndGlobalSection
	GlobalSection(ExtensibilityGlobals) = postSolution
		SolutionGuid = {1E47772F-4B24-45DC-A84F-EC72027DFB5E}
	EndGlobalSection
EndGlobal
